// !$*UTF8*$!
{
	archiveVersion = 1;
	classes = {
	};
	objectVersion = 56;
	objects = {

/* Begin PBXBuildFile section */
		1B924CB02B69BEBA00996CA7 /* ContentView.swift in Sources */ = {isa = PBXBuildFile; fileRef = 1B924CAF2B69BEBA00996CA7 /* ContentView.swift */; };
		1B924CB22B69BEBC00996CA7 /* Assets.xcassets in Resources */ = {isa = PBXBuildFile; fileRef = 1B924CB12B69BEBC00996CA7 /* Assets.xcassets */; };
		1B924CB62B69BEBC00996CA7 /* Preview Assets.xcassets in Resources */ = {isa = PBXBuildFile; fileRef = 1B924CB52B69BEBC00996CA7 /* Preview Assets.xcassets */; };
		1B924CC02B69BEBC00996CA7 /* TraceTests.swift in Sources */ = {isa = PBXBuildFile; fileRef = 1B924CBF2B69BEBC00996CA7 /* TraceTests.swift */; };
		1B924CCA2B69BEBC00996CA7 /* TraceUITests.swift in Sources */ = {isa = PBXBuildFile; fileRef = 1B924CC92B69BEBC00996CA7 /* TraceUITests.swift */; };
		1B924CCC2B69BEBC00996CA7 /* TraceUITestsLaunchTests.swift in Sources */ = {isa = PBXBuildFile; fileRef = 1B924CCB2B69BEBC00996CA7 /* TraceUITestsLaunchTests.swift */; };
		4C3C65EB2B6E2B3700B8AC65 /* FormView2.swift in Sources */ = {isa = PBXBuildFile; fileRef = 4C3C65EA2B6E2B3700B8AC65 /* FormView2.swift */; };
		4CB811F82B6D8B360057FDC8 /* HomeView.swift in Sources */ = {isa = PBXBuildFile; fileRef = 4CB811F72B6D8B360057FDC8 /* HomeView.swift */; };
		4CBAC8412B6DA28000633CC0 /* FormView.swift in Sources */ = {isa = PBXBuildFile; fileRef = 4CBAC8402B6DA28000633CC0 /* FormView.swift */; };
		4CBAC8432B6DA29A00633CC0 /* MessageView.swift in Sources */ = {isa = PBXBuildFile; fileRef = 4CBAC8422B6DA29A00633CC0 /* MessageView.swift */; };
		4CBAC8452B6DA3C400633CC0 /* TraceApp.swift in Sources */ = {isa = PBXBuildFile; fileRef = 4CBAC8442B6DA3C300633CC0 /* TraceApp.swift */; };
		4CBAC8472B6DA3EB00633CC0 /* MapView.swift in Sources */ = {isa = PBXBuildFile; fileRef = 4CBAC8462B6DA3EB00633CC0 /* MapView.swift */; };
		4CBAC8492B6DA41E00633CC0 /* ProfileView.swift in Sources */ = {isa = PBXBuildFile; fileRef = 4CBAC8482B6DA41E00633CC0 /* ProfileView.swift */; };
/* End PBXBuildFile section */

/* Begin PBXContainerItemProxy section */
		1B924CBC2B69BEBC00996CA7 /* PBXContainerItemProxy */ = {
			isa = PBXContainerItemProxy;
			containerPortal = 1B924CA22B69BEBA00996CA7 /* Project object */;
			proxyType = 1;
			remoteGlobalIDString = 1B924CA92B69BEBA00996CA7;
			remoteInfo = Trace;
		};
		1B924CC62B69BEBC00996CA7 /* PBXContainerItemProxy */ = {
			isa = PBXContainerItemProxy;
			containerPortal = 1B924CA22B69BEBA00996CA7 /* Project object */;
			proxyType = 1;
			remoteGlobalIDString = 1B924CA92B69BEBA00996CA7;
			remoteInfo = Trace;
		};
/* End PBXContainerItemProxy section */

/* Begin PBXFileReference section */
		1B924CAA2B69BEBA00996CA7 /* Trace.app */ = {isa = PBXFileReference; explicitFileType = wrapper.application; includeInIndex = 0; path = Trace.app; sourceTree = BUILT_PRODUCTS_DIR; };
		1B924CAF2B69BEBA00996CA7 /* ContentView.swift */ = {isa = PBXFileReference; lastKnownFileType = sourcecode.swift; path = ContentView.swift; sourceTree = "<group>"; };
		1B924CB12B69BEBC00996CA7 /* Assets.xcassets */ = {isa = PBXFileReference; lastKnownFileType = folder.assetcatalog; path = Assets.xcassets; sourceTree = "<group>"; };
		1B924CB32B69BEBC00996CA7 /* Trace.entitlements */ = {isa = PBXFileReference; lastKnownFileType = text.plist.entitlements; path = Trace.entitlements; sourceTree = "<group>"; };
		1B924CB52B69BEBC00996CA7 /* Preview Assets.xcassets */ = {isa = PBXFileReference; lastKnownFileType = folder.assetcatalog; path = "Preview Assets.xcassets"; sourceTree = "<group>"; };
		1B924CBB2B69BEBC00996CA7 /* TraceTests.xctest */ = {isa = PBXFileReference; explicitFileType = wrapper.cfbundle; includeInIndex = 0; path = TraceTests.xctest; sourceTree = BUILT_PRODUCTS_DIR; };
		1B924CBF2B69BEBC00996CA7 /* TraceTests.swift */ = {isa = PBXFileReference; lastKnownFileType = sourcecode.swift; path = TraceTests.swift; sourceTree = "<group>"; };
		1B924CC52B69BEBC00996CA7 /* TraceUITests.xctest */ = {isa = PBXFileReference; explicitFileType = wrapper.cfbundle; includeInIndex = 0; path = TraceUITests.xctest; sourceTree = BUILT_PRODUCTS_DIR; };
		1B924CC92B69BEBC00996CA7 /* TraceUITests.swift */ = {isa = PBXFileReference; lastKnownFileType = sourcecode.swift; path = TraceUITests.swift; sourceTree = "<group>"; };
		1B924CCB2B69BEBC00996CA7 /* TraceUITestsLaunchTests.swift */ = {isa = PBXFileReference; lastKnownFileType = sourcecode.swift; path = TraceUITestsLaunchTests.swift; sourceTree = "<group>"; };
		4C3C65EA2B6E2B3700B8AC65 /* FormView2.swift */ = {isa = PBXFileReference; lastKnownFileType = sourcecode.swift; path = FormView2.swift; sourceTree = "<group>"; };
		4CB811F72B6D8B360057FDC8 /* HomeView.swift */ = {isa = PBXFileReference; lastKnownFileType = sourcecode.swift; path = HomeView.swift; sourceTree = "<group>"; };
		4CBAC8402B6DA28000633CC0 /* FormView.swift */ = {isa = PBXFileReference; lastKnownFileType = sourcecode.swift; path = FormView.swift; sourceTree = "<group>"; };
		4CBAC8422B6DA29A00633CC0 /* MessageView.swift */ = {isa = PBXFileReference; lastKnownFileType = sourcecode.swift; path = MessageView.swift; sourceTree = "<group>"; };
		4CBAC8442B6DA3C300633CC0 /* TraceApp.swift */ = {isa = PBXFileReference; fileEncoding = 4; lastKnownFileType = sourcecode.swift; path = TraceApp.swift; sourceTree = "<group>"; };
		4CBAC8462B6DA3EB00633CC0 /* MapView.swift */ = {isa = PBXFileReference; lastKnownFileType = sourcecode.swift; path = MapView.swift; sourceTree = "<group>"; };
		4CBAC8482B6DA41E00633CC0 /* ProfileView.swift */ = {isa = PBXFileReference; lastKnownFileType = sourcecode.swift; path = ProfileView.swift; sourceTree = "<group>"; };
/* End PBXFileReference section */

/* Begin PBXFrameworksBuildPhase section */
		1B924CA72B69BEBA00996CA7 /* Frameworks */ = {
			isa = PBXFrameworksBuildPhase;
			buildActionMask = 2147483647;
			files = (
			);
			runOnlyForDeploymentPostprocessing = 0;
		};
		1B924CB82B69BEBC00996CA7 /* Frameworks */ = {
			isa = PBXFrameworksBuildPhase;
			buildActionMask = 2147483647;
			files = (
			);
			runOnlyForDeploymentPostprocessing = 0;
		};
		1B924CC22B69BEBC00996CA7 /* Frameworks */ = {
			isa = PBXFrameworksBuildPhase;
			buildActionMask = 2147483647;
			files = (
			);
			runOnlyForDeploymentPostprocessing = 0;
		};
/* End PBXFrameworksBuildPhase section */

/* Begin PBXGroup section */
		1B924CA12B69BEBA00996CA7 = {
			isa = PBXGroup;
			children = (
				1B924CAC2B69BEBA00996CA7 /* Trace */,
				1B924CBE2B69BEBC00996CA7 /* TraceTests */,
				1B924CC82B69BEBC00996CA7 /* TraceUITests */,
				1B924CAB2B69BEBA00996CA7 /* Products */,
			);
			sourceTree = "<group>";
		};
		1B924CAB2B69BEBA00996CA7 /* Products */ = {
			isa = PBXGroup;
			children = (
				1B924CAA2B69BEBA00996CA7 /* Trace.app */,
				1B924CBB2B69BEBC00996CA7 /* TraceTests.xctest */,
				1B924CC52B69BEBC00996CA7 /* TraceUITests.xctest */,
			);
			name = Products;
			sourceTree = "<group>";
		};
		1B924CAC2B69BEBA00996CA7 /* Trace */ = {
			isa = PBXGroup;
			children = (
				4CBAC8442B6DA3C300633CC0 /* TraceApp.swift */,
				1B924CAF2B69BEBA00996CA7 /* ContentView.swift */,
				4CB811F72B6D8B360057FDC8 /* HomeView.swift */,
				4CBAC8402B6DA28000633CC0 /* FormView.swift */,
				4C3C65EA2B6E2B3700B8AC65 /* FormView2.swift */,
				4CBAC8422B6DA29A00633CC0 /* MessageView.swift */,
				4CBAC8462B6DA3EB00633CC0 /* MapView.swift */,
				4CBAC8482B6DA41E00633CC0 /* ProfileView.swift */,
				1B924CB12B69BEBC00996CA7 /* Assets.xcassets */,
				1B924CB32B69BEBC00996CA7 /* Trace.entitlements */,
				1B924CB42B69BEBC00996CA7 /* Preview Content */,
			);
			path = Trace;
			sourceTree = "<group>";
		};
		1B924CB42B69BEBC00996CA7 /* Preview Content */ = {
			isa = PBXGroup;
			children = (
				1B924CB52B69BEBC00996CA7 /* Preview Assets.xcassets */,
			);
			path = "Preview Content";
			sourceTree = "<group>";
		};
		1B924CBE2B69BEBC00996CA7 /* TraceTests */ = {
			isa = PBXGroup;
			children = (
				1B924CBF2B69BEBC00996CA7 /* TraceTests.swift */,
			);
			path = TraceTests;
			sourceTree = "<group>";
		};
		1B924CC82B69BEBC00996CA7 /* TraceUITests */ = {
			isa = PBXGroup;
			children = (
				1B924CC92B69BEBC00996CA7 /* TraceUITests.swift */,
				1B924CCB2B69BEBC00996CA7 /* TraceUITestsLaunchTests.swift */,
			);
			path = TraceUITests;
			sourceTree = "<group>";
		};
/* End PBXGroup section */

/* Begin PBXNativeTarget section */
		1B924CA92B69BEBA00996CA7 /* Trace */ = {
			isa = PBXNativeTarget;
			buildConfigurationList = 1B924CCF2B69BEBC00996CA7 /* Build configuration list for PBXNativeTarget "Trace" */;
			buildPhases = (
				1B924CA62B69BEBA00996CA7 /* Sources */,
				1B924CA72B69BEBA00996CA7 /* Frameworks */,
				1B924CA82B69BEBA00996CA7 /* Resources */,
			);
			buildRules = (
			);
			dependencies = (
			);
			name = Trace;
			productName = Trace;
			productReference = 1B924CAA2B69BEBA00996CA7 /* Trace.app */;
			productType = "com.apple.product-type.application";
		};
		1B924CBA2B69BEBC00996CA7 /* TraceTests */ = {
			isa = PBXNativeTarget;
			buildConfigurationList = 1B924CD22B69BEBC00996CA7 /* Build configuration list for PBXNativeTarget "TraceTests" */;
			buildPhases = (
				1B924CB72B69BEBC00996CA7 /* Sources */,
				1B924CB82B69BEBC00996CA7 /* Frameworks */,
				1B924CB92B69BEBC00996CA7 /* Resources */,
			);
			buildRules = (
			);
			dependencies = (
				1B924CBD2B69BEBC00996CA7 /* PBXTargetDependency */,
			);
			name = TraceTests;
			productName = TraceTests;
			productReference = 1B924CBB2B69BEBC00996CA7 /* TraceTests.xctest */;
			productType = "com.apple.product-type.bundle.unit-test";
		};
		1B924CC42B69BEBC00996CA7 /* TraceUITests */ = {
			isa = PBXNativeTarget;
			buildConfigurationList = 1B924CD52B69BEBC00996CA7 /* Build configuration list for PBXNativeTarget "TraceUITests" */;
			buildPhases = (
				1B924CC12B69BEBC00996CA7 /* Sources */,
				1B924CC22B69BEBC00996CA7 /* Frameworks */,
				1B924CC32B69BEBC00996CA7 /* Resources */,
			);
			buildRules = (
			);
			dependencies = (
				1B924CC72B69BEBC00996CA7 /* PBXTargetDependency */,
			);
			name = TraceUITests;
			productName = TraceUITests;
			productReference = 1B924CC52B69BEBC00996CA7 /* TraceUITests.xctest */;
			productType = "com.apple.product-type.bundle.ui-testing";
		};
/* End PBXNativeTarget section */

/* Begin PBXProject section */
		1B924CA22B69BEBA00996CA7 /* Project object */ = {
			isa = PBXProject;
			attributes = {
				BuildIndependentTargetsInParallel = 1;
				LastSwiftUpdateCheck = 1520;
				LastUpgradeCheck = 1520;
				TargetAttributes = {
					1B924CA92B69BEBA00996CA7 = {
						CreatedOnToolsVersion = 15.2;
					};
					1B924CBA2B69BEBC00996CA7 = {
						CreatedOnToolsVersion = 15.2;
						TestTargetID = 1B924CA92B69BEBA00996CA7;
					};
					1B924CC42B69BEBC00996CA7 = {
						CreatedOnToolsVersion = 15.2;
						TestTargetID = 1B924CA92B69BEBA00996CA7;
					};
				};
			};
			buildConfigurationList = 1B924CA52B69BEBA00996CA7 /* Build configuration list for PBXProject "Trace" */;
			compatibilityVersion = "Xcode 14.0";
			developmentRegion = en;
			hasScannedForEncodings = 0;
			knownRegions = (
				en,
				Base,
			);
			mainGroup = 1B924CA12B69BEBA00996CA7;
			productRefGroup = 1B924CAB2B69BEBA00996CA7 /* Products */;
			projectDirPath = "";
			projectRoot = "";
			targets = (
				1B924CA92B69BEBA00996CA7 /* Trace */,
				1B924CBA2B69BEBC00996CA7 /* TraceTests */,
				1B924CC42B69BEBC00996CA7 /* TraceUITests */,
			);
		};
/* End PBXProject section */

/* Begin PBXResourcesBuildPhase section */
		1B924CA82B69BEBA00996CA7 /* Resources */ = {
			isa = PBXResourcesBuildPhase;
			buildActionMask = 2147483647;
			files = (
				1B924CB62B69BEBC00996CA7 /* Preview Assets.xcassets in Resources */,
				1B924CB22B69BEBC00996CA7 /* Assets.xcassets in Resources */,
			);
			runOnlyForDeploymentPostprocessing = 0;
		};
		1B924CB92B69BEBC00996CA7 /* Resources */ = {
			isa = PBXResourcesBuildPhase;
			buildActionMask = 2147483647;
			files = (
			);
			runOnlyForDeploymentPostprocessing = 0;
		};
		1B924CC32B69BEBC00996CA7 /* Resources */ = {
			isa = PBXResourcesBuildPhase;
			buildActionMask = 2147483647;
			files = (
			);
			runOnlyForDeploymentPostprocessing = 0;
		};
/* End PBXResourcesBuildPhase section */

/* Begin PBXSourcesBuildPhase section */
		1B924CA62B69BEBA00996CA7 /* Sources */ = {
			isa = PBXSourcesBuildPhase;
			buildActionMask = 2147483647;
			files = (
				4CBAC8412B6DA28000633CC0 /* FormView.swift in Sources */,
				4CBAC8472B6DA3EB00633CC0 /* MapView.swift in Sources */,
				4CB811F82B6D8B360057FDC8 /* HomeView.swift in Sources */,
				4C3C65EB2B6E2B3700B8AC65 /* FormView2.swift in Sources */,
				4CBAC8452B6DA3C400633CC0 /* TraceApp.swift in Sources */,
				1B924CB02B69BEBA00996CA7 /* ContentView.swift in Sources */,
				4CBAC8492B6DA41E00633CC0 /* ProfileView.swift in Sources */,
				4CBAC8432B6DA29A00633CC0 /* MessageView.swift in Sources */,
			);
			runOnlyForDeploymentPostprocessing = 0;
		};
		1B924CB72B69BEBC00996CA7 /* Sources */ = {
			isa = PBXSourcesBuildPhase;
			buildActionMask = 2147483647;
			files = (
				1B924CC02B69BEBC00996CA7 /* TraceTests.swift in Sources */,
			);
			runOnlyForDeploymentPostprocessing = 0;
		};
		1B924CC12B69BEBC00996CA7 /* Sources */ = {
			isa = PBXSourcesBuildPhase;
			buildActionMask = 2147483647;
			files = (
				1B924CCC2B69BEBC00996CA7 /* TraceUITestsLaunchTests.swift in Sources */,
				1B924CCA2B69BEBC00996CA7 /* TraceUITests.swift in Sources */,
			);
			runOnlyForDeploymentPostprocessing = 0;
		};
/* End PBXSourcesBuildPhase section */

/* Begin PBXTargetDependency section */
		1B924CBD2B69BEBC00996CA7 /* PBXTargetDependency */ = {
			isa = PBXTargetDependency;
			target = 1B924CA92B69BEBA00996CA7 /* Trace */;
			targetProxy = 1B924CBC2B69BEBC00996CA7 /* PBXContainerItemProxy */;
		};
		1B924CC72B69BEBC00996CA7 /* PBXTargetDependency */ = {
			isa = PBXTargetDependency;
			target = 1B924CA92B69BEBA00996CA7 /* Trace */;
			targetProxy = 1B924CC62B69BEBC00996CA7 /* PBXContainerItemProxy */;
		};
/* End PBXTargetDependency section */

/* Begin XCBuildConfiguration section */
		1B924CCD2B69BEBC00996CA7 /* Debug */ = {
			isa = XCBuildConfiguration;
			buildSettings = {
				ALWAYS_SEARCH_USER_PATHS = NO;
				ASSETCATALOG_COMPILER_GENERATE_SWIFT_ASSET_SYMBOL_EXTENSIONS = YES;
				CLANG_ANALYZER_NONNULL = YES;
				CLANG_ANALYZER_NUMBER_OBJECT_CONVERSION = YES_AGGRESSIVE;
				CLANG_CXX_LANGUAGE_STANDARD = "gnu++20";
				CLANG_ENABLE_MODULES = YES;
				CLANG_ENABLE_OBJC_ARC = YES;
				CLANG_ENABLE_OBJC_WEAK = YES;
				CLANG_WARN_BLOCK_CAPTURE_AUTORELEASING = YES;
				CLANG_WARN_BOOL_CONVERSION = YES;
				CLANG_WARN_COMMA = YES;
				CLANG_WARN_CONSTANT_CONVERSION = YES;
				CLANG_WARN_DEPRECATED_OBJC_IMPLEMENTATIONS = YES;
				CLANG_WARN_DIRECT_OBJC_ISA_USAGE = YES_ERROR;
				CLANG_WARN_DOCUMENTATION_COMMENTS = YES;
				CLANG_WARN_EMPTY_BODY = YES;
				CLANG_WARN_ENUM_CONVERSION = YES;
				CLANG_WARN_INFINITE_RECURSION = YES;
				CLANG_WARN_INT_CONVERSION = YES;
				CLANG_WARN_NON_LITERAL_NULL_CONVERSION = YES;
				CLANG_WARN_OBJC_IMPLICIT_RETAIN_SELF = YES;
				CLANG_WARN_OBJC_LITERAL_CONVERSION = YES;
				CLANG_WARN_OBJC_ROOT_CLASS = YES_ERROR;
				CLANG_WARN_QUOTED_INCLUDE_IN_FRAMEWORK_HEADER = YES;
				CLANG_WARN_RANGE_LOOP_ANALYSIS = YES;
				CLANG_WARN_STRICT_PROTOTYPES = YES;
				CLANG_WARN_SUSPICIOUS_MOVE = YES;
				CLANG_WARN_UNGUARDED_AVAILABILITY = YES_AGGRESSIVE;
				CLANG_WARN_UNREACHABLE_CODE = YES;
				CLANG_WARN__DUPLICATE_METHOD_MATCH = YES;
				COPY_PHASE_STRIP = NO;
				DEBUG_INFORMATION_FORMAT = dwarf;
				ENABLE_STRICT_OBJC_MSGSEND = YES;
				ENABLE_TESTABILITY = YES;
				ENABLE_USER_SCRIPT_SANDBOXING = YES;
				GCC_C_LANGUAGE_STANDARD = gnu17;
				GCC_DYNAMIC_NO_PIC = NO;
				GCC_NO_COMMON_BLOCKS = YES;
				GCC_OPTIMIZATION_LEVEL = 0;
				GCC_PREPROCESSOR_DEFINITIONS = (
					"DEBUG=1",
					"$(inherited)",
				);
				GCC_WARN_64_TO_32_BIT_CONVERSION = YES;
				GCC_WARN_ABOUT_RETURN_TYPE = YES_ERROR;
				GCC_WARN_UNDECLARED_SELECTOR = YES;
				GCC_WARN_UNINITIALIZED_AUTOS = YES_AGGRESSIVE;
				GCC_WARN_UNUSED_FUNCTION = YES;
				GCC_WARN_UNUSED_VARIABLE = YES;
				LOCALIZATION_PREFERS_STRING_CATALOGS = YES;
				MTL_ENABLE_DEBUG_INFO = INCLUDE_SOURCE;
				MTL_FAST_MATH = YES;
				ONLY_ACTIVE_ARCH = YES;
				SWIFT_ACTIVE_COMPILATION_CONDITIONS = "DEBUG $(inherited)";
				SWIFT_OPTIMIZATION_LEVEL = "-Onone";
			};
			name = Debug;
		};
		1B924CCE2B69BEBC00996CA7 /* Release */ = {
			isa = XCBuildConfiguration;
			buildSettings = {
				ALWAYS_SEARCH_USER_PATHS = NO;
				ASSETCATALOG_COMPILER_GENERATE_SWIFT_ASSET_SYMBOL_EXTENSIONS = YES;
				CLANG_ANALYZER_NONNULL = YES;
				CLANG_ANALYZER_NUMBER_OBJECT_CONVERSION = YES_AGGRESSIVE;
				CLANG_CXX_LANGUAGE_STANDARD = "gnu++20";
				CLANG_ENABLE_MODULES = YES;
				CLANG_ENABLE_OBJC_ARC = YES;
				CLANG_ENABLE_OBJC_WEAK = YES;
				CLANG_WARN_BLOCK_CAPTURE_AUTORELEASING = YES;
				CLANG_WARN_BOOL_CONVERSION = YES;
				CLANG_WARN_COMMA = YES;
				CLANG_WARN_CONSTANT_CONVERSION = YES;
				CLANG_WARN_DEPRECATED_OBJC_IMPLEMENTATIONS = YES;
				CLANG_WARN_DIRECT_OBJC_ISA_USAGE = YES_ERROR;
				CLANG_WARN_DOCUMENTATION_COMMENTS = YES;
				CLANG_WARN_EMPTY_BODY = YES;
				CLANG_WARN_ENUM_CONVERSION = YES;
				CLANG_WARN_INFINITE_RECURSION = YES;
				CLANG_WARN_INT_CONVERSION = YES;
				CLANG_WARN_NON_LITERAL_NULL_CONVERSION = YES;
				CLANG_WARN_OBJC_IMPLICIT_RETAIN_SELF = YES;
				CLANG_WARN_OBJC_LITERAL_CONVERSION = YES;
				CLANG_WARN_OBJC_ROOT_CLASS = YES_ERROR;
				CLANG_WARN_QUOTED_INCLUDE_IN_FRAMEWORK_HEADER = YES;
				CLANG_WARN_RANGE_LOOP_ANALYSIS = YES;
				CLANG_WARN_STRICT_PROTOTYPES = YES;
				CLANG_WARN_SUSPICIOUS_MOVE = YES;
				CLANG_WARN_UNGUARDED_AVAILABILITY = YES_AGGRESSIVE;
				CLANG_WARN_UNREACHABLE_CODE = YES;
				CLANG_WARN__DUPLICATE_METHOD_MATCH = YES;
				COPY_PHASE_STRIP = NO;
				DEBUG_INFORMATION_FORMAT = "dwarf-with-dsym";
				ENABLE_NS_ASSERTIONS = NO;
				ENABLE_STRICT_OBJC_MSGSEND = YES;
				ENABLE_USER_SCRIPT_SANDBOXING = YES;
				GCC_C_LANGUAGE_STANDARD = gnu17;
				GCC_NO_COMMON_BLOCKS = YES;
				GCC_WARN_64_TO_32_BIT_CONVERSION = YES;
				GCC_WARN_ABOUT_RETURN_TYPE = YES_ERROR;
				GCC_WARN_UNDECLARED_SELECTOR = YES;
				GCC_WARN_UNINITIALIZED_AUTOS = YES_AGGRESSIVE;
				GCC_WARN_UNUSED_FUNCTION = YES;
				GCC_WARN_UNUSED_VARIABLE = YES;
				LOCALIZATION_PREFERS_STRING_CATALOGS = YES;
				MTL_ENABLE_DEBUG_INFO = NO;
				MTL_FAST_MATH = YES;
				SWIFT_COMPILATION_MODE = wholemodule;
			};
			name = Release;
		};
		1B924CD02B69BEBC00996CA7 /* Debug */ = {
			isa = XCBuildConfiguration;
			buildSettings = {
				ASSETCATALOG_COMPILER_APPICON_NAME = AppIcon;
				ASSETCATALOG_COMPILER_GLOBAL_ACCENT_COLOR_NAME = AccentColor;
				CODE_SIGN_ENTITLEMENTS = Trace/Trace.entitlements;
				CODE_SIGN_STYLE = Automatic;
				CURRENT_PROJECT_VERSION = 1;
				DEVELOPMENT_ASSET_PATHS = "\"Trace/Preview Content\"";
				DEVELOPMENT_TEAM = ZN3K79864F;
				ENABLE_HARDENED_RUNTIME = YES;
				ENABLE_PREVIEWS = YES;
				GENERATE_INFOPLIST_FILE = YES;
				"INFOPLIST_KEY_UIApplicationSceneManifest_Generation[sdk=iphoneos*]" = YES;
				"INFOPLIST_KEY_UIApplicationSceneManifest_Generation[sdk=iphonesimulator*]" = YES;
				"INFOPLIST_KEY_UIApplicationSupportsIndirectInputEvents[sdk=iphoneos*]" = YES;
				"INFOPLIST_KEY_UIApplicationSupportsIndirectInputEvents[sdk=iphonesimulator*]" = YES;
				"INFOPLIST_KEY_UILaunchScreen_Generation[sdk=iphoneos*]" = YES;
				"INFOPLIST_KEY_UILaunchScreen_Generation[sdk=iphonesimulator*]" = YES;
				"INFOPLIST_KEY_UIStatusBarStyle[sdk=iphoneos*]" = UIStatusBarStyleDefault;
				"INFOPLIST_KEY_UIStatusBarStyle[sdk=iphonesimulator*]" = UIStatusBarStyleDefault;
				INFOPLIST_KEY_UISupportedInterfaceOrientations_iPad = "UIInterfaceOrientationPortrait UIInterfaceOrientationPortraitUpsideDown UIInterfaceOrientationLandscapeLeft UIInterfaceOrientationLandscapeRight";
				INFOPLIST_KEY_UISupportedInterfaceOrientations_iPhone = "UIInterfaceOrientationPortrait UIInterfaceOrientationLandscapeLeft UIInterfaceOrientationLandscapeRight";
				IPHONEOS_DEPLOYMENT_TARGET = 17.2;
				LD_RUNPATH_SEARCH_PATHS = "@executable_path/Frameworks";
				"LD_RUNPATH_SEARCH_PATHS[sdk=macosx*]" = "@executable_path/../Frameworks";
				MACOSX_DEPLOYMENT_TARGET = 14.2;
				MARKETING_VERSION = 1.0;
				PRODUCT_BUNDLE_IDENTIFIER = com.shanatran.Trace;
				PRODUCT_NAME = "$(TARGET_NAME)";
				SDKROOT = auto;
				SUPPORTED_PLATFORMS = "iphoneos iphonesimulator macosx";
				SWIFT_EMIT_LOC_STRINGS = YES;
				SWIFT_VERSION = 5.0;
				TARGETED_DEVICE_FAMILY = "1,2";
			};
			name = Debug;
		};
		1B924CD12B69BEBC00996CA7 /* Release */ = {
			isa = XCBuildConfiguration;
			buildSettings = {
				ASSETCATALOG_COMPILER_APPICON_NAME = AppIcon;
				ASSETCATALOG_COMPILER_GLOBAL_ACCENT_COLOR_NAME = AccentColor;
				CODE_SIGN_ENTITLEMENTS = Trace/Trace.entitlements;
				CODE_SIGN_STYLE = Automatic;
				CURRENT_PROJECT_VERSION = 1;
				DEVELOPMENT_ASSET_PATHS = "\"Trace/Preview Content\"";
				DEVELOPMENT_TEAM = ZN3K79864F;
				ENABLE_HARDENED_RUNTIME = YES;
				ENABLE_PREVIEWS = YES;
				GENERATE_INFOPLIST_FILE = YES;
				"INFOPLIST_KEY_UIApplicationSceneManifest_Generation[sdk=iphoneos*]" = YES;
				"INFOPLIST_KEY_UIApplicationSceneManifest_Generation[sdk=iphonesimulator*]" = YES;
				"INFOPLIST_KEY_UIApplicationSupportsIndirectInputEvents[sdk=iphoneos*]" = YES;
				"INFOPLIST_KEY_UIApplicationSupportsIndirectInputEvents[sdk=iphonesimulator*]" = YES;
				"INFOPLIST_KEY_UILaunchScreen_Generation[sdk=iphoneos*]" = YES;
				"INFOPLIST_KEY_UILaunchScreen_Generation[sdk=iphonesimulator*]" = YES;
				"INFOPLIST_KEY_UIStatusBarStyle[sdk=iphoneos*]" = UIStatusBarStyleDefault;
				"INFOPLIST_KEY_UIStatusBarStyle[sdk=iphonesimulator*]" = UIStatusBarStyleDefault;
				INFOPLIST_KEY_UISupportedInterfaceOrientations_iPad = "UIInterfaceOrientationPortrait UIInterfaceOrientationPortraitUpsideDown UIInterfaceOrientationLandscapeLeft UIInterfaceOrientationLandscapeRight";
				INFOPLIST_KEY_UISupportedInterfaceOrientations_iPhone = "UIInterfaceOrientationPortrait UIInterfaceOrientationLandscapeLeft UIInterfaceOrientationLandscapeRight";
				IPHONEOS_DEPLOYMENT_TARGET = 17.2;
				LD_RUNPATH_SEARCH_PATHS = "@executable_path/Frameworks";
				"LD_RUNPATH_SEARCH_PATHS[sdk=macosx*]" = "@executable_path/../Frameworks";
				MACOSX_DEPLOYMENT_TARGET = 14.2;
				MARKETING_VERSION = 1.0;
				PRODUCT_BUNDLE_IDENTIFIER = com.shanatran.Trace;
				PRODUCT_NAME = "$(TARGET_NAME)";
				SDKROOT = auto;
				SUPPORTED_PLATFORMS = "iphoneos iphonesimulator macosx";
				SWIFT_EMIT_LOC_STRINGS = YES;
				SWIFT_VERSION = 5.0;
				TARGETED_DEVICE_FAMILY = "1,2";
			};
			name = Release;
		};
		1B924CD32B69BEBC00996CA7 /* Debug */ = {
			isa = XCBuildConfiguration;
			buildSettings = {
				ALWAYS_EMBED_SWIFT_STANDARD_LIBRARIES = YES;
				BUNDLE_LOADER = "$(TEST_HOST)";
				CODE_SIGN_STYLE = Automatic;
				CURRENT_PROJECT_VERSION = 1;
				DEVELOPMENT_TEAM = 6A33KPVM6T;
				GENERATE_INFOPLIST_FILE = YES;
				IPHONEOS_DEPLOYMENT_TARGET = 17.2;
				MACOSX_DEPLOYMENT_TARGET = 14.2;
				MARKETING_VERSION = 1.0;
				PRODUCT_BUNDLE_IDENTIFIER = com.shanatran.TraceTests;
				PRODUCT_NAME = "$(TARGET_NAME)";
				SDKROOT = auto;
				SUPPORTED_PLATFORMS = "iphoneos iphonesimulator macosx";
				SWIFT_EMIT_LOC_STRINGS = NO;
				SWIFT_VERSION = 5.0;
				TARGETED_DEVICE_FAMILY = "1,2";
				TEST_HOST = "$(BUILT_PRODUCTS_DIR)/Trace.app/$(BUNDLE_EXECUTABLE_FOLDER_PATH)/Trace";
			};
			name = Debug;
		};
		1B924CD42B69BEBC00996CA7 /* Release */ = {
			isa = XCBuildConfiguration;
			buildSettings = {
				ALWAYS_EMBED_SWIFT_STANDARD_LIBRARIES = YES;
				BUNDLE_LOADER = "$(TEST_HOST)";
				CODE_SIGN_STYLE = Automatic;
				CURRENT_PROJECT_VERSION = 1;
				DEVELOPMENT_TEAM = 6A33KPVM6T;
				GENERATE_INFOPLIST_FILE = YES;
				IPHONEOS_DEPLOYMENT_TARGET = 17.2;
				MACOSX_DEPLOYMENT_TARGET = 14.2;
				MARKETING_VERSION = 1.0;
				PRODUCT_BUNDLE_IDENTIFIER = com.shanatran.TraceTests;
				PRODUCT_NAME = "$(TARGET_NAME)";
				SDKROOT = auto;
				SUPPORTED_PLATFORMS = "iphoneos iphonesimulator macosx";
				SWIFT_EMIT_LOC_STRINGS = NO;
				SWIFT_VERSION = 5.0;
				TARGETED_DEVICE_FAMILY = "1,2";
				TEST_HOST = "$(BUILT_PRODUCTS_DIR)/Trace.app/$(BUNDLE_EXECUTABLE_FOLDER_PATH)/Trace";
			};
			name = Release;
		};
		1B924CD62B69BEBC00996CA7 /* Debug */ = {
			isa = XCBuildConfiguration;
			buildSettings = {
				ALWAYS_EMBED_SWIFT_STANDARD_LIBRARIES = YES;
				CODE_SIGN_STYLE = Automatic;
				CURRENT_PROJECT_VERSION = 1;
				DEVELOPMENT_TEAM = 6A33KPVM6T;
				GENERATE_INFOPLIST_FILE = YES;
				IPHONEOS_DEPLOYMENT_TARGET = 17.2;
				MACOSX_DEPLOYMENT_TARGET = 14.2;
				MARKETING_VERSION = 1.0;
				PRODUCT_BUNDLE_IDENTIFIER = com.shanatran.TraceUITests;
				PRODUCT_NAME = "$(TARGET_NAME)";
				SDKROOT = auto;
				SUPPORTED_PLATFORMS = "iphoneos iphonesimulator macosx";
				SWIFT_EMIT_LOC_STRINGS = NO;
				SWIFT_VERSION = 5.0;
				TARGETED_DEVICE_FAMILY = "1,2";
				TEST_TARGET_NAME = Trace;
			};
			name = Debug;
		};
		1B924CD72B69BEBC00996CA7 /* Release */ = {
			isa = XCBuildConfiguration;
			buildSettings = {
				ALWAYS_EMBED_SWIFT_STANDARD_LIBRARIES = YES;
				CODE_SIGN_STYLE = Automatic;
				CURRENT_PROJECT_VERSION = 1;
				DEVELOPMENT_TEAM = 6A33KPVM6T;
				GENERATE_INFOPLIST_FILE = YES;
				IPHONEOS_DEPLOYMENT_TARGET = 17.2;
				MACOSX_DEPLOYMENT_TARGET = 14.2;
				MARKETING_VERSION = 1.0;
				PRODUCT_BUNDLE_IDENTIFIER = com.shanatran.TraceUITests;
				PRODUCT_NAME = "$(TARGET_NAME)";
				SDKROOT = auto;
				SUPPORTED_PLATFORMS = "iphoneos iphonesimulator macosx";
				SWIFT_EMIT_LOC_STRINGS = NO;
				SWIFT_VERSION = 5.0;
				TARGETED_DEVICE_FAMILY = "1,2";
				TEST_TARGET_NAME = Trace;
			};
			name = Release;
		};
/* End XCBuildConfiguration section */

/* Begin XCConfigurationList section */
		1B924CA52B69BEBA00996CA7 /* Build configuration list for PBXProject "Trace" */ = {
			isa = XCConfigurationList;
			buildConfigurations = (
				1B924CCD2B69BEBC00996CA7 /* Debug */,
				1B924CCE2B69BEBC00996CA7 /* Release */,
			);
			defaultConfigurationIsVisible = 0;
			defaultConfigurationName = Release;
		};
		1B924CCF2B69BEBC00996CA7 /* Build configuration list for PBXNativeTarget "Trace" */ = {
			isa = XCConfigurationList;
			buildConfigurations = (
				1B924CD02B69BEBC00996CA7 /* Debug */,
				1B924CD12B69BEBC00996CA7 /* Release */,
			);
			defaultConfigurationIsVisible = 0;
			defaultConfigurationName = Release;
		};
		1B924CD22B69BEBC00996CA7 /* Build configuration list for PBXNativeTarget "TraceTests" */ = {
			isa = XCConfigurationList;
			buildConfigurations = (
				1B924CD32B69BEBC00996CA7 /* Debug */,
				1B924CD42B69BEBC00996CA7 /* Release */,
			);
			defaultConfigurationIsVisible = 0;
			defaultConfigurationName = Release;
		};
		1B924CD52B69BEBC00996CA7 /* Build configuration list for PBXNativeTarget "TraceUITests" */ = {
			isa = XCConfigurationList;
			buildConfigurations = (
				1B924CD62B69BEBC00996CA7 /* Debug */,
				1B924CD72B69BEBC00996CA7 /* Release */,
			);
			defaultConfigurationIsVisible = 0;
			defaultConfigurationName = Release;
		};
/* End XCConfigurationList section */
	};
	rootObject = 1B924CA22B69BEBA00996CA7 /* Project object */;
}
